
Microsoft Visual Studio Solution File, Format Version 12.00
# Visual Studio 15
Project("{FAE04EC0-301F-11D3-BF4B-00C04F79EFBC}") = "ConsoleCalculatorTask", "ConsoleCalculatorTask\ConsoleCalculatorTask.csproj", "{BDA67A2D-61CF-4E04-B6D4-AB605C8FBFA1}"
EndProject
Project("{FAE04EC0-301F-11D3-BF4B-00C04F79EFBC}") = "ConsoleCalculator", "ConsoleCalculator\ConsoleCalculator.csproj", "{E0F64B55-5FA1-4664-88FC-50ED9BFAD4D8}"
EndProject
Global
	GlobalSection(SolutionConfigurationPlatforms) = preSolution
		Debug|anycpu = Debug|anycpu
		Release|anycpu = Release|anycpu
	EndGlobalSection
	GlobalSection(ProjectConfigurationPlatforms) = postSolution
		{BDA67A2D-61CF-4E04-B6D4-AB605C8FBFA1}.Debug|anycpu.ActiveCfg = Debug|anycpu
		{BDA67A2D-61CF-4E04-B6D4-AB605C8FBFA1}.Debug|anycpu.Build.0 = Debug|anycpu
		{BDA67A2D-61CF-4E04-B6D4-AB605C8FBFA1}.Release|anycpu.ActiveCfg = Release|anycpu
		{BDA67A2D-61CF-4E04-B6D4-AB605C8FBFA1}.Release|anycpu.Build.0 = Release|anycpu
		{E0F64B55-5FA1-4664-88FC-50ED9BFAD4D8}.Debug|anycpu.ActiveCfg = Debug|Any CPU
		{E0F64B55-5FA1-4664-88FC-50ED9BFAD4D8}.Debug|anycpu.Build.0 = Debug|Any CPU
		{E0F64B55-5FA1-4664-88FC-50ED9BFAD4D8}.Release|anycpu.ActiveCfg = Release|Any CPU
		{E0F64B55-5FA1-4664-88FC-50ED9BFAD4D8}.Release|anycpu.Build.0 = Release|Any CPU
	EndGlobalSection
EndGlobal
